
Microsoft Visual Studio Solution File, Format Version 12.00
# Visual Studio Version 17
VisualStudioVersion = 17.10.35004.147
MinimumVisualStudioVersion = 10.0.40219.1
Project("{9A19103F-16F7-4668-BE54-9A1E7A4F7556}") = "BancoApp", "BancoApp.csproj", "{3CADCE50-FDC6-42AB-986A-FA7564BD06CE}"
EndProject
Global
	GlobalSection(SolutionConfigurationPlatforms) = preSolution
		Debug|Any CPU = Debug|Any CPU
		Release|Any CPU = Release|Any CPU
	EndGlobalSection
	GlobalSection(ProjectConfigurationPlatforms) = postSolution
		{3CADCE50-FDC6-42AB-986A-FA7564BD06CE}.Debug|Any CPU.ActiveCfg = Debug|Any CPU
		{3CADCE50-FDC6-42AB-986A-FA7564BD06CE}.Debug|Any CPU.Build.0 = Debug|Any CPU
		{3CADCE50-FDC6-42AB-986A-FA7564BD06CE}.Release|Any CPU.ActiveCfg = Release|Any CPU
		{3CADCE50-FDC6-42AB-986A-FA7564BD06CE}.Release|Any CPU.Build.0 = Release|Any CPU
	EndGlobalSection
	GlobalSection(SolutionProperties) = preSolution
		HideSolutionNode = FALSE
	EndGlobalSection
	GlobalSection(ExtensibilityGlobals) = postSolution
		SolutionGuid = {4FE6C901-B4FA-4D37-BBAF-A73400A23F10}
	EndGlobalSection
EndGlobal
